
Microsoft Visual Studio Solution File, Format Version 12.00
# Visual Studio 15
VisualStudioVersion = 15.0.27703.2035
MinimumVisualStudioVersion = 10.0.40219.1
Project("{8BC9CEB8-8B4A-11D0-8D11-00A0C91BC942}") = "로봇 청소기", "로봇 청소기\로봇 청소기.vcxproj", "{A1B2264A-F3FD-432E-A894-3F476A83A779}"
EndProject
Project("{8BC9CEB8-8B4A-11D0-8D11-00A0C91BC942}") = "키로거", "키로거\키로거.vcxproj", "{28124B63-48E3-4DF5-A73B-6A769C4BB611}"
EndProject
Project("{8BC9CEB8-8B4A-11D0-8D11-00A0C91BC942}") = "스도쿠 (보류)", "스도쿠\스도쿠.vcxproj", "{CBB980C4-0765-42B7-98E5-36DFFF0ECD39}"
EndProject
Project("{8BC9CEB8-8B4A-11D0-8D11-00A0C91BC942}") = "스택", "스택 사용하기 (기초)\스택 사용하기 (기초).vcxproj", "{F0A1B627-CD06-4BE7-A359-70E861669FFA}"
EndProject
Project("{8BC9CEB8-8B4A-11D0-8D11-00A0C91BC942}") = "괄호", "괄호\괄호.vcxproj", "{0A066465-694E-440B-BA49-992A959119DA}"
EndProject
Project("{8BC9CEB8-8B4A-11D0-8D11-00A0C91BC942}") = "괄호의 값", "괄호의 값\괄호의 값.vcxproj", "{DC840766-53B1-4DA6-BB0C-4FEE7533B41E}"
EndProject
Project("{8BC9CEB8-8B4A-11D0-8D11-00A0C91BC942}") = "test", "test\test.vcxproj", "{56678ACD-52A8-42E2-B0C0-47A09F41BDB3}"
EndProject
Project("{8BC9CEB8-8B4A-11D0-8D11-00A0C91BC942}") = "스택 수열", "스택 수열\스택 수열.vcxproj", "{EDD558F9-2BDA-4079-9AE5-3318BB424E8F}"
EndProject
Project("{8BC9CEB8-8B4A-11D0-8D11-00A0C91BC942}") = "큐", "큐\큐.vcxproj", "{9F4514FC-6B06-44E4-964A-5BFEAE349E53}"
EndProject
Project("{8BC9CEB8-8B4A-11D0-8D11-00A0C91BC942}") = "DFS와 BFS", "DFS와 BFS\DFS와 BFS.vcxproj", "{CD045EEF-AE19-416E-A82D-5536BB0560C4}"
EndProject
Project("{8BC9CEB8-8B4A-11D0-8D11-00A0C91BC942}") = "좋은수열 (보류)", "좋은수열\좋은수열.vcxproj", "{DEA9401F-6E24-44D6-9BE7-225493FE75C1}"
EndProject
Project("{8BC9CEB8-8B4A-11D0-8D11-00A0C91BC942}") = "프린터 큐", "프린터 큐\프린터 큐.vcxproj", "{FB24CD92-208D-4B9C-92C9-1FA8F7BE2E24}"
EndProject
Project("{8BC9CEB8-8B4A-11D0-8D11-00A0C91BC942}") = "조세퍼스 문제 1", "조세퍼스 문제 1\조세퍼스 문제 1.vcxproj", "{E75009C1-1EA1-4493-B445-0327D8043234}"
EndProject
Global
	GlobalSection(SolutionConfigurationPlatforms) = preSolution
		Debug|x64 = Debug|x64
		Debug|x86 = Debug|x86
		Release|x64 = Release|x64
		Release|x86 = Release|x86
	EndGlobalSection
	GlobalSection(ProjectConfigurationPlatforms) = postSolution
		{A1B2264A-F3FD-432E-A894-3F476A83A779}.Debug|x64.ActiveCfg = Debug|x64
		{A1B2264A-F3FD-432E-A894-3F476A83A779}.Debug|x64.Build.0 = Debug|x64
		{A1B2264A-F3FD-432E-A894-3F476A83A779}.Debug|x86.ActiveCfg = Debug|Win32
		{A1B2264A-F3FD-432E-A894-3F476A83A779}.Debug|x86.Build.0 = Debug|Win32
		{A1B2264A-F3FD-432E-A894-3F476A83A779}.Release|x64.ActiveCfg = Release|x64
		{A1B2264A-F3FD-432E-A894-3F476A83A779}.Release|x64.Build.0 = Release|x64
		{A1B2264A-F3FD-432E-A894-3F476A83A779}.Release|x86.ActiveCfg = Release|Win32
		{A1B2264A-F3FD-432E-A894-3F476A83A779}.Release|x86.Build.0 = Release|Win32
		{28124B63-48E3-4DF5-A73B-6A769C4BB611}.Debug|x64.ActiveCfg = Debug|x64
		{28124B63-48E3-4DF5-A73B-6A769C4BB611}.Debug|x64.Build.0 = Debug|x64
		{28124B63-48E3-4DF5-A73B-6A769C4BB611}.Debug|x86.ActiveCfg = Debug|Win32
		{28124B63-48E3-4DF5-A73B-6A769C4BB611}.Debug|x86.Build.0 = Debug|Win32
		{28124B63-48E3-4DF5-A73B-6A769C4BB611}.Release|x64.ActiveCfg = Release|x64
		{28124B63-48E3-4DF5-A73B-6A769C4BB611}.Release|x64.Build.0 = Release|x64
		{28124B63-48E3-4DF5-A73B-6A769C4BB611}.Release|x86.ActiveCfg = Release|Win32
		{28124B63-48E3-4DF5-A73B-6A769C4BB611}.Release|x86.Build.0 = Release|Win32
		{CBB980C4-0765-42B7-98E5-36DFFF0ECD39}.Debug|x64.ActiveCfg = Debug|x64
		{CBB980C4-0765-42B7-98E5-36DFFF0ECD39}.Debug|x64.Build.0 = Debug|x64
		{CBB980C4-0765-42B7-98E5-36DFFF0ECD39}.Debug|x86.ActiveCfg = Debug|Win32
		{CBB980C4-0765-42B7-98E5-36DFFF0ECD39}.Debug|x86.Build.0 = Debug|Win32
		{CBB980C4-0765-42B7-98E5-36DFFF0ECD39}.Release|x64.ActiveCfg = Release|x64
		{CBB980C4-0765-42B7-98E5-36DFFF0ECD39}.Release|x64.Build.0 = Release|x64
		{CBB980C4-0765-42B7-98E5-36DFFF0ECD39}.Release|x86.ActiveCfg = Release|Win32
		{CBB980C4-0765-42B7-98E5-36DFFF0ECD39}.Release|x86.Build.0 = Release|Win32
		{F0A1B627-CD06-4BE7-A359-70E861669FFA}.Debug|x64.ActiveCfg = Debug|x64
		{F0A1B627-CD06-4BE7-A359-70E861669FFA}.Debug|x64.Build.0 = Debug|x64
		{F0A1B627-CD06-4BE7-A359-70E861669FFA}.Debug|x86.ActiveCfg = Debug|Win32
		{F0A1B627-CD06-4BE7-A359-70E861669FFA}.Debug|x86.Build.0 = Debug|Win32
		{F0A1B627-CD06-4BE7-A359-70E861669FFA}.Release|x64.ActiveCfg = Release|x64
		{F0A1B627-CD06-4BE7-A359-70E861669FFA}.Release|x64.Build.0 = Release|x64
		{F0A1B627-CD06-4BE7-A359-70E861669FFA}.Release|x86.ActiveCfg = Release|Win32
		{F0A1B627-CD06-4BE7-A359-70E861669FFA}.Release|x86.Build.0 = Release|Win32
		{0A066465-694E-440B-BA49-992A959119DA}.Debug|x64.ActiveCfg = Debug|x64
		{0A066465-694E-440B-BA49-992A959119DA}.Debug|x64.Build.0 = Debug|x64
		{0A066465-694E-440B-BA49-992A959119DA}.Debug|x86.ActiveCfg = Debug|Win32
		{0A066465-694E-440B-BA49-992A959119DA}.Debug|x86.Build.0 = Debug|Win32
		{0A066465-694E-440B-BA49-992A959119DA}.Release|x64.ActiveCfg = Release|x64
		{0A066465-694E-440B-BA49-992A959119DA}.Release|x64.Build.0 = Release|x64
		{0A066465-694E-440B-BA49-992A959119DA}.Release|x86.ActiveCfg = Release|Win32
		{0A066465-694E-440B-BA49-992A959119DA}.Release|x86.Build.0 = Release|Win32
		{DC840766-53B1-4DA6-BB0C-4FEE7533B41E}.Debug|x64.ActiveCfg = Debug|x64
		{DC840766-53B1-4DA6-BB0C-4FEE7533B41E}.Debug|x64.Build.0 = Debug|x64
		{DC840766-53B1-4DA6-BB0C-4FEE7533B41E}.Debug|x86.ActiveCfg = Debug|Win32
		{DC840766-53B1-4DA6-BB0C-4FEE7533B41E}.Debug|x86.Build.0 = Debug|Win32
		{DC840766-53B1-4DA6-BB0C-4FEE7533B41E}.Release|x64.ActiveCfg = Release|x64
		{DC840766-53B1-4DA6-BB0C-4FEE7533B41E}.Release|x64.Build.0 = Release|x64
		{DC840766-53B1-4DA6-BB0C-4FEE7533B41E}.Release|x86.ActiveCfg = Release|Win32
		{DC840766-53B1-4DA6-BB0C-4FEE7533B41E}.Release|x86.Build.0 = Release|Win32
		{56678ACD-52A8-42E2-B0C0-47A09F41BDB3}.Debug|x64.ActiveCfg = Debug|x64
		{56678ACD-52A8-42E2-B0C0-47A09F41BDB3}.Debug|x64.Build.0 = Debug|x64
		{56678ACD-52A8-42E2-B0C0-47A09F41BDB3}.Debug|x86.ActiveCfg = Debug|Win32
		{56678ACD-52A8-42E2-B0C0-47A09F41BDB3}.Debug|x86.Build.0 = Debug|Win32
		{56678ACD-52A8-42E2-B0C0-47A09F41BDB3}.Release|x64.ActiveCfg = Release|x64
		{56678ACD-52A8-42E2-B0C0-47A09F41BDB3}.Release|x64.Build.0 = Release|x64
		{56678ACD-52A8-42E2-B0C0-47A09F41BDB3}.Release|x86.ActiveCfg = Release|Win32
		{56678ACD-52A8-42E2-B0C0-47A09F41BDB3}.Release|x86.Build.0 = Release|Win32
		{EDD558F9-2BDA-4079-9AE5-3318BB424E8F}.Debug|x64.ActiveCfg = Debug|x64
		{EDD558F9-2BDA-4079-9AE5-3318BB424E8F}.Debug|x64.Build.0 = Debug|x64
		{EDD558F9-2BDA-4079-9AE5-3318BB424E8F}.Debug|x86.ActiveCfg = Debug|Win32
		{EDD558F9-2BDA-4079-9AE5-3318BB424E8F}.Debug|x86.Build.0 = Debug|Win32
		{EDD558F9-2BDA-4079-9AE5-3318BB424E8F}.Release|x64.ActiveCfg = Release|x64
		{EDD558F9-2BDA-4079-9AE5-3318BB424E8F}.Release|x64.Build.0 = Release|x64
		{EDD558F9-2BDA-4079-9AE5-3318BB424E8F}.Release|x86.ActiveCfg = Release|Win32
		{EDD558F9-2BDA-4079-9AE5-3318BB424E8F}.Release|x86.Build.0 = Release|Win32
		{9F4514FC-6B06-44E4-964A-5BFEAE349E53}.Debug|x64.ActiveCfg = Debug|x64
		{9F4514FC-6B06-44E4-964A-5BFEAE349E53}.Debug|x64.Build.0 = Debug|x64
		{9F4514FC-6B06-44E4-964A-5BFEAE349E53}.Debug|x86.ActiveCfg = Debug|Win32
		{9F4514FC-6B06-44E4-964A-5BFEAE349E53}.Debug|x86.Build.0 = Debug|Win32
		{9F4514FC-6B06-44E4-964A-5BFEAE349E53}.Release|x64.ActiveCfg = Release|x64
		{9F4514FC-6B06-44E4-964A-5BFEAE349E53}.Release|x64.Build.0 = Release|x64
		{9F4514FC-6B06-44E4-964A-5BFEAE349E53}.Release|x86.ActiveCfg = Release|Win32
		{9F4514FC-6B06-44E4-964A-5BFEAE349E53}.Release|x86.Build.0 = Release|Win32
		{CD045EEF-AE19-416E-A82D-5536BB0560C4}.Debug|x64.ActiveCfg = Debug|x64
		{CD045EEF-AE19-416E-A82D-5536BB0560C4}.Debug|x64.Build.0 = Debug|x64
		{CD045EEF-AE19-416E-A82D-5536BB0560C4}.Debug|x86.ActiveCfg = Debug|Win32
		{CD045EEF-AE19-416E-A82D-5536BB0560C4}.Debug|x86.Build.0 = Debug|Win32
		{CD045EEF-AE19-416E-A82D-5536BB0560C4}.Release|x64.ActiveCfg = Release|x64
		{CD045EEF-AE19-416E-A82D-5536BB0560C4}.Release|x64.Build.0 = Release|x64
		{CD045EEF-AE19-416E-A82D-5536BB0560C4}.Release|x86.ActiveCfg = Release|Win32
		{CD045EEF-AE19-416E-A82D-5536BB0560C4}.Release|x86.Build.0 = Release|Win32
		{DEA9401F-6E24-44D6-9BE7-225493FE75C1}.Debug|x64.ActiveCfg = Debug|x64
		{DEA9401F-6E24-44D6-9BE7-225493FE75C1}.Debug|x64.Build.0 = Debug|x64
		{DEA9401F-6E24-44D6-9BE7-225493FE75C1}.Debug|x86.ActiveCfg = Debug|Win32
		{DEA9401F-6E24-44D6-9BE7-225493FE75C1}.Debug|x86.Build.0 = Debug|Win32
		{DEA9401F-6E24-44D6-9BE7-225493FE75C1}.Release|x64.ActiveCfg = Release|x64
		{DEA9401F-6E24-44D6-9BE7-225493FE75C1}.Release|x64.Build.0 = Release|x64
		{DEA9401F-6E24-44D6-9BE7-225493FE75C1}.Release|x86.ActiveCfg = Release|Win32
		{DEA9401F-6E24-44D6-9BE7-225493FE75C1}.Release|x86.Build.0 = Release|Win32
		{FB24CD92-208D-4B9C-92C9-1FA8F7BE2E24}.Debug|x64.ActiveCfg = Debug|x64
		{FB24CD92-208D-4B9C-92C9-1FA8F7BE2E24}.Debug|x64.Build.0 = Debug|x64
		{FB24CD92-208D-4B9C-92C9-1FA8F7BE2E24}.Debug|x86.ActiveCfg = Debug|Win32
		{FB24CD92-208D-4B9C-92C9-1FA8F7BE2E24}.Debug|x86.Build.0 = Debug|Win32
		{FB24CD92-208D-4B9C-92C9-1FA8F7BE2E24}.Release|x64.ActiveCfg = Release|x64
		{FB24CD92-208D-4B9C-92C9-1FA8F7BE2E24}.Release|x64.Build.0 = Release|x64
		{FB24CD92-208D-4B9C-92C9-1FA8F7BE2E24}.Release|x86.ActiveCfg = Release|Win32
		{FB24CD92-208D-4B9C-92C9-1FA8F7BE2E24}.Release|x86.Build.0 = Release|Win32
		{E75009C1-1EA1-4493-B445-0327D8043234}.Debug|x64.ActiveCfg = Debug|x64
		{E75009C1-1EA1-4493-B445-0327D8043234}.Debug|x64.Build.0 = Debug|x64
		{E75009C1-1EA1-4493-B445-0327D8043234}.Debug|x86.ActiveCfg = Debug|Win32
		{E75009C1-1EA1-4493-B445-0327D8043234}.Debug|x86.Build.0 = Debug|Win32
		{E75009C1-1EA1-4493-B445-0327D8043234}.Release|x64.ActiveCfg = Release|x64
		{E75009C1-1EA1-4493-B445-0327D8043234}.Release|x64.Build.0 = Release|x64
		{E75009C1-1EA1-4493-B445-0327D8043234}.Release|x86.ActiveCfg = Release|Win32
		{E75009C1-1EA1-4493-B445-0327D8043234}.Release|x86.Build.0 = Release|Win32
	EndGlobalSection
	GlobalSection(SolutionProperties) = preSolution
		HideSolutionNode = FALSE
	EndGlobalSection
	GlobalSection(ExtensibilityGlobals) = postSolution
		SolutionGuid = {D11F5784-1D52-4130-BEFB-D8B6D4E7316A}
	EndGlobalSection
EndGlobal
