
Microsoft Visual Studio Solution File, Format Version 12.00
# Visual Studio 15
VisualStudioVersion = 15.0.27703.2035
MinimumVisualStudioVersion = 10.0.40219.1
Project("{8BC9CEB8-8B4A-11D0-8D11-00A0C91BC942}") = "로봇 청소기", "로봇 청소기\로봇 청소기.vcxproj", "{A1B2264A-F3FD-432E-A894-3F476A83A779}"
EndProject
Project("{8BC9CEB8-8B4A-11D0-8D11-00A0C91BC942}") = "로봇", "로봇\로봇.vcxproj", "{E5851E83-3976-45CA-BB12-9287489A9C89}"
EndProject
Project("{8BC9CEB8-8B4A-11D0-8D11-00A0C91BC942}") = "키로거", "키로거\키로거.vcxproj", "{28124B63-48E3-4DF5-A73B-6A769C4BB611}"
EndProject
Project("{8BC9CEB8-8B4A-11D0-8D11-00A0C91BC942}") = "스도쿠 (보류)", "스도쿠\스도쿠.vcxproj", "{CBB980C4-0765-42B7-98E5-36DFFF0ECD39}"
EndProject
Project("{8BC9CEB8-8B4A-11D0-8D11-00A0C91BC942}") = "스택 사용하기 (기초)", "스택 사용하기 (기초)\스택 사용하기 (기초).vcxproj", "{F0A1B627-CD06-4BE7-A359-70E861669FFA}"
EndProject
Global
	GlobalSection(SolutionConfigurationPlatforms) = preSolution
		Debug|x64 = Debug|x64
		Debug|x86 = Debug|x86
		Release|x64 = Release|x64
		Release|x86 = Release|x86
	EndGlobalSection
	GlobalSection(ProjectConfigurationPlatforms) = postSolution
		{A1B2264A-F3FD-432E-A894-3F476A83A779}.Debug|x64.ActiveCfg = Debug|x64
		{A1B2264A-F3FD-432E-A894-3F476A83A779}.Debug|x64.Build.0 = Debug|x64
		{A1B2264A-F3FD-432E-A894-3F476A83A779}.Debug|x86.ActiveCfg = Debug|Win32
		{A1B2264A-F3FD-432E-A894-3F476A83A779}.Debug|x86.Build.0 = Debug|Win32
		{A1B2264A-F3FD-432E-A894-3F476A83A779}.Release|x64.ActiveCfg = Release|x64
		{A1B2264A-F3FD-432E-A894-3F476A83A779}.Release|x64.Build.0 = Release|x64
		{A1B2264A-F3FD-432E-A894-3F476A83A779}.Release|x86.ActiveCfg = Release|Win32
		{A1B2264A-F3FD-432E-A894-3F476A83A779}.Release|x86.Build.0 = Release|Win32
		{E5851E83-3976-45CA-BB12-9287489A9C89}.Debug|x64.ActiveCfg = Debug|x64
		{E5851E83-3976-45CA-BB12-9287489A9C89}.Debug|x64.Build.0 = Debug|x64
		{E5851E83-3976-45CA-BB12-9287489A9C89}.Debug|x86.ActiveCfg = Debug|Win32
		{E5851E83-3976-45CA-BB12-9287489A9C89}.Debug|x86.Build.0 = Debug|Win32
		{E5851E83-3976-45CA-BB12-9287489A9C89}.Release|x64.ActiveCfg = Release|x64
		{E5851E83-3976-45CA-BB12-9287489A9C89}.Release|x64.Build.0 = Release|x64
		{E5851E83-3976-45CA-BB12-9287489A9C89}.Release|x86.ActiveCfg = Release|Win32
		{E5851E83-3976-45CA-BB12-9287489A9C89}.Release|x86.Build.0 = Release|Win32
		{28124B63-48E3-4DF5-A73B-6A769C4BB611}.Debug|x64.ActiveCfg = Debug|x64
		{28124B63-48E3-4DF5-A73B-6A769C4BB611}.Debug|x64.Build.0 = Debug|x64
		{28124B63-48E3-4DF5-A73B-6A769C4BB611}.Debug|x86.ActiveCfg = Debug|Win32
		{28124B63-48E3-4DF5-A73B-6A769C4BB611}.Debug|x86.Build.0 = Debug|Win32
		{28124B63-48E3-4DF5-A73B-6A769C4BB611}.Release|x64.ActiveCfg = Release|x64
		{28124B63-48E3-4DF5-A73B-6A769C4BB611}.Release|x64.Build.0 = Release|x64
		{28124B63-48E3-4DF5-A73B-6A769C4BB611}.Release|x86.ActiveCfg = Release|Win32
		{28124B63-48E3-4DF5-A73B-6A769C4BB611}.Release|x86.Build.0 = Release|Win32
		{CBB980C4-0765-42B7-98E5-36DFFF0ECD39}.Debug|x64.ActiveCfg = Debug|x64
		{CBB980C4-0765-42B7-98E5-36DFFF0ECD39}.Debug|x64.Build.0 = Debug|x64
		{CBB980C4-0765-42B7-98E5-36DFFF0ECD39}.Debug|x86.ActiveCfg = Debug|Win32
		{CBB980C4-0765-42B7-98E5-36DFFF0ECD39}.Debug|x86.Build.0 = Debug|Win32
		{CBB980C4-0765-42B7-98E5-36DFFF0ECD39}.Release|x64.ActiveCfg = Release|x64
		{CBB980C4-0765-42B7-98E5-36DFFF0ECD39}.Release|x64.Build.0 = Release|x64
		{CBB980C4-0765-42B7-98E5-36DFFF0ECD39}.Release|x86.ActiveCfg = Release|Win32
		{CBB980C4-0765-42B7-98E5-36DFFF0ECD39}.Release|x86.Build.0 = Release|Win32
		{F0A1B627-CD06-4BE7-A359-70E861669FFA}.Debug|x64.ActiveCfg = Debug|x64
		{F0A1B627-CD06-4BE7-A359-70E861669FFA}.Debug|x64.Build.0 = Debug|x64
		{F0A1B627-CD06-4BE7-A359-70E861669FFA}.Debug|x86.ActiveCfg = Debug|Win32
		{F0A1B627-CD06-4BE7-A359-70E861669FFA}.Debug|x86.Build.0 = Debug|Win32
		{F0A1B627-CD06-4BE7-A359-70E861669FFA}.Release|x64.ActiveCfg = Release|x64
		{F0A1B627-CD06-4BE7-A359-70E861669FFA}.Release|x64.Build.0 = Release|x64
		{F0A1B627-CD06-4BE7-A359-70E861669FFA}.Release|x86.ActiveCfg = Release|Win32
		{F0A1B627-CD06-4BE7-A359-70E861669FFA}.Release|x86.Build.0 = Release|Win32
	EndGlobalSection
	GlobalSection(SolutionProperties) = preSolution
		HideSolutionNode = FALSE
	EndGlobalSection
	GlobalSection(ExtensibilityGlobals) = postSolution
		SolutionGuid = {D11F5784-1D52-4130-BEFB-D8B6D4E7316A}
	EndGlobalSection
EndGlobal
