
Microsoft Visual Studio Solution File, Format Version 12.00
# Visual Studio 15
VisualStudioVersion = 15.0.27703.2035
MinimumVisualStudioVersion = 10.0.40219.1
Project("{8BC9CEB8-8B4A-11D0-8D11-00A0C91BC942}") = "로봇 청소기", "로봇 청소기\로봇 청소기.vcxproj", "{A1B2264A-F3FD-432E-A894-3F476A83A779}"
EndProject
Project("{8BC9CEB8-8B4A-11D0-8D11-00A0C91BC942}") = "키로거", "키로거\키로거.vcxproj", "{28124B63-48E3-4DF5-A73B-6A769C4BB611}"
EndProject
Project("{8BC9CEB8-8B4A-11D0-8D11-00A0C91BC942}") = "스도쿠 (보류)", "스도쿠\스도쿠.vcxproj", "{CBB980C4-0765-42B7-98E5-36DFFF0ECD39}"
EndProject
Project("{8BC9CEB8-8B4A-11D0-8D11-00A0C91BC942}") = "괄호", "괄호\괄호.vcxproj", "{0A066465-694E-440B-BA49-992A959119DA}"
EndProject
Project("{8BC9CEB8-8B4A-11D0-8D11-00A0C91BC942}") = "괄호의 값", "괄호의 값\괄호의 값.vcxproj", "{DC840766-53B1-4DA6-BB0C-4FEE7533B41E}"
EndProject
Project("{8BC9CEB8-8B4A-11D0-8D11-00A0C91BC942}") = "test", "test\test.vcxproj", "{56678ACD-52A8-42E2-B0C0-47A09F41BDB3}"
EndProject
Project("{8BC9CEB8-8B4A-11D0-8D11-00A0C91BC942}") = "스택 수열", "스택 수열\스택 수열.vcxproj", "{EDD558F9-2BDA-4079-9AE5-3318BB424E8F}"
EndProject
Project("{8BC9CEB8-8B4A-11D0-8D11-00A0C91BC942}") = "큐", "큐\큐.vcxproj", "{9F4514FC-6B06-44E4-964A-5BFEAE349E53}"
EndProject
Project("{8BC9CEB8-8B4A-11D0-8D11-00A0C91BC942}") = "DFS와 BFS", "DFS와 BFS\DFS와 BFS.vcxproj", "{CD045EEF-AE19-416E-A82D-5536BB0560C4}"
EndProject
Project("{8BC9CEB8-8B4A-11D0-8D11-00A0C91BC942}") = "좋은수열 (보류)", "좋은수열\좋은수열.vcxproj", "{DEA9401F-6E24-44D6-9BE7-225493FE75C1}"
EndProject
Project("{8BC9CEB8-8B4A-11D0-8D11-00A0C91BC942}") = "프린터 큐", "프린터 큐\프린터 큐.vcxproj", "{FB24CD92-208D-4B9C-92C9-1FA8F7BE2E24}"
EndProject
Project("{8BC9CEB8-8B4A-11D0-8D11-00A0C91BC942}") = "조세퍼스 문제 1", "조세퍼스 문제 1\조세퍼스 문제 1.vcxproj", "{E75009C1-1EA1-4493-B445-0327D8043234}"
EndProject
Project("{8BC9CEB8-8B4A-11D0-8D11-00A0C91BC942}") = "덱", "덱\덱.vcxproj", "{EE13639D-F139-4606-A33F-65B998F909D0}"
EndProject
Project("{8BC9CEB8-8B4A-11D0-8D11-00A0C91BC942}") = "회전하는 큐", "회전하는 큐\회전하는 큐.vcxproj", "{EEA977E7-F8D6-41C7-B0F9-837FCBABC068}"
EndProject
Project("{8BC9CEB8-8B4A-11D0-8D11-00A0C91BC942}") = "AC", "AC\AC.vcxproj", "{C5B24FA7-C07F-4EA2-ACDE-46061670DD1B}"
EndProject
Project("{8BC9CEB8-8B4A-11D0-8D11-00A0C91BC942}") = "스택", "스택\스택 사용하기 (기초).vcxproj", "{F0A1B627-CD06-4BE7-A359-70E861669FFA}"
EndProject
Project("{8BC9CEB8-8B4A-11D0-8D11-00A0C91BC942}") = "셀프 넘버", "셀프 넘버\셀프 넘버.vcxproj", "{568EE152-4F38-4E99-8A9F-FB3BECFFEBFE}"
EndProject
Project("{8BC9CEB8-8B4A-11D0-8D11-00A0C91BC942}") = "피보나치 수", "피보나치 수\피보나치 수.vcxproj", "{58EC28B3-AE18-4D62-AC6A-3A3C106B8A47}"
EndProject
Project("{8BC9CEB8-8B4A-11D0-8D11-00A0C91BC942}") = "피보나치 수 2", "피보나치 수 2\피보나치 수 2.vcxproj", "{AEC869CD-EFC0-479D-847E-9494CDD0B7B1}"
EndProject
Project("{8BC9CEB8-8B4A-11D0-8D11-00A0C91BC942}") = "피보나치 수 3", "피보나치 수 3\피보나치 수 3.vcxproj", "{DD4FCDF8-AC1F-482F-8D82-AD9CD981EB24}"
EndProject
Project("{8BC9CEB8-8B4A-11D0-8D11-00A0C91BC942}") = "피보나치 함수", "피보나치 함수\피보나치 함수.vcxproj", "{9962879F-3D82-4C19-80AC-714D5893E260}"
EndProject
Project("{8BC9CEB8-8B4A-11D0-8D11-00A0C91BC942}") = "한수", "한수\한수.vcxproj", "{0EBF656E-E5A8-4817-B96D-BBAB1C0F8563}"
EndProject
Project("{8BC9CEB8-8B4A-11D0-8D11-00A0C91BC942}") = "별찍기 - 11", "별찍기 - 11\별찍기 - 11.vcxproj", "{951F46AE-A741-4CF0-8030-F02A23BD356A}"
EndProject
Project("{8BC9CEB8-8B4A-11D0-8D11-00A0C91BC942}") = "마이크로소프트 로고", "마이크로소프트 로고\마이크로소프트 로고.vcxproj", "{B76CE5A1-9B0C-4931-BC2F-2178001166C5}"
EndProject
Project("{8BC9CEB8-8B4A-11D0-8D11-00A0C91BC942}") = "웰컴", "웰컴\웰컴.vcxproj", "{773F5D18-D4E2-49E2-A492-60FFF4C9CE21}"
EndProject
Project("{8BC9CEB8-8B4A-11D0-8D11-00A0C91BC942}") = "콜센터", "콜센터\콜센터.vcxproj", "{DCA2BDC8-2F53-489F-89B3-D297CDA7A026}"
EndProject
Project("{8BC9CEB8-8B4A-11D0-8D11-00A0C91BC942}") = "스타워즈 로고", "스타워즈 로고\스타워즈 로고.vcxproj", "{19A87315-BA1C-4B40-807E-A3F0BD6BEB46}"
EndProject
Project("{8BC9CEB8-8B4A-11D0-8D11-00A0C91BC942}") = "정ㅋ벅ㅋ", "정ㅋ벅ㅋ\정ㅋ벅ㅋ.vcxproj", "{5248F48C-5D42-4431-B506-C848D8122318}"
EndProject
Project("{8BC9CEB8-8B4A-11D0-8D11-00A0C91BC942}") = "팩토리얼", "팩토리얼\팩토리얼.vcxproj", "{DEBDD997-7DEB-4C38-860E-8DD8B881E4BA}"
EndProject
Project("{8BC9CEB8-8B4A-11D0-8D11-00A0C91BC942}") = "별찍기 - 6", "별찍기 - 6\별찍기 - 6.vcxproj", "{F6A82484-2319-49A6-817E-872656BC8BE1}"
EndProject
Project("{8BC9CEB8-8B4A-11D0-8D11-00A0C91BC942}") = "최대값", "최대값\최대값.vcxproj", "{91E0539C-212C-4E2E-9F65-76019BF005B6}"
EndProject
Project("{8BC9CEB8-8B4A-11D0-8D11-00A0C91BC942}") = "평균 점수", "평균 점수\평균 점수.vcxproj", "{2ACC97E6-2D6A-47EE-8932-DA72A1C1878A}"
EndProject
Project("{8BC9CEB8-8B4A-11D0-8D11-00A0C91BC942}") = "더하기", "더하기\더하기.vcxproj", "{A559574C-7881-4DDF-8CBE-AB795A9C0DCD}"
EndProject
Project("{8BC9CEB8-8B4A-11D0-8D11-00A0C91BC942}") = "이항 계수 1", "이항 계수 1\이항 계수 1.vcxproj", "{ABE6918D-9ED2-4794-B24E-E3EFE8EC3469}"
EndProject
Project("{8BC9CEB8-8B4A-11D0-8D11-00A0C91BC942}") = "이항 계수 2", "이항 계수 2\이항 계수 2.vcxproj", "{3127D56D-241C-4E33-AA40-276D6F293539}"
EndProject
Project("{8BC9CEB8-8B4A-11D0-8D11-00A0C91BC942}") = "팩토리얼 0의 개수", "팩토리얼 0의 개수\팩토리얼 0의 개수.vcxproj", "{6B027015-61BA-4313-ACBF-1B2831F19B35}"
EndProject
Project("{8BC9CEB8-8B4A-11D0-8D11-00A0C91BC942}") = "謎紛芥索紀 (Small)", "謎紛芥索紀 (Small)\謎紛芥索紀 (Small).vcxproj", "{44B1207C-F435-4979-ACE8-6CC116E68CCC}"
EndProject
Project("{8BC9CEB8-8B4A-11D0-8D11-00A0C91BC942}") = "터렛", "터렛\터렛.vcxproj", "{3A46C1DE-BA1E-40F8-BD53-9D64B9F6CF57}"
EndProject
Project("{8BC9CEB8-8B4A-11D0-8D11-00A0C91BC942}") = "조합", "조합\조합.vcxproj", "{EBAE073F-3C43-438F-A5E1-2924AEF5D669}"
EndProject
Project("{8BC9CEB8-8B4A-11D0-8D11-00A0C91BC942}") = "이항 계수 3", "이항 계수 3\이항 계수 3.vcxproj", "{CBE652C4-E9D9-4E8A-BD31-39774195FCC3}"
EndProject
Project("{8BC9CEB8-8B4A-11D0-8D11-00A0C91BC942}") = "패션왕 신해빈", "패션왕 신해빈\패션왕 신해빈.vcxproj", "{3CC954F6-3332-4FE0-BB8A-2E1AFE1BCC70}"
EndProject
Project("{8BC9CEB8-8B4A-11D0-8D11-00A0C91BC942}") = "이항 쇼다운", "이항 쇼다운\이항 쇼다운.vcxproj", "{A01F0CF0-CFB8-4520-B47D-0DF5DE2E5A58}"
EndProject
Project("{8BC9CEB8-8B4A-11D0-8D11-00A0C91BC942}") = "지능형 기차", "지능형 기차\지능형 기차.vcxproj", "{76C392B0-0CA0-42A2-BBF7-5E21B609AA2C}"
EndProject
Project("{8BC9CEB8-8B4A-11D0-8D11-00A0C91BC942}") = "지능형 기차 2", "지능형 기차 2\지능형 기차 2.vcxproj", "{10E77F8F-16EE-4753-A69F-AEEEC724FCC0}"
EndProject
Project("{8BC9CEB8-8B4A-11D0-8D11-00A0C91BC942}") = "R2", "R2\R2.vcxproj", "{5F654A85-5583-480D-A792-2492E70700B3}"
EndProject
Project("{8BC9CEB8-8B4A-11D0-8D11-00A0C91BC942}") = "검증수", "검증수\검증수.vcxproj", "{41EB6E3D-3CF9-42E4-9175-BB4D3AC87BF0}"
EndProject
Project("{8BC9CEB8-8B4A-11D0-8D11-00A0C91BC942}") = "저작권", "저작권\저작권.vcxproj", "{4A720613-999D-404F-BC11-9CF39777392C}"
EndProject
Project("{8BC9CEB8-8B4A-11D0-8D11-00A0C91BC942}") = "주차의 신", "주차의 신\주차의 신.vcxproj", "{24A663FF-C467-493F-AA3F-A0B52130DAE5}"
EndProject
Project("{8BC9CEB8-8B4A-11D0-8D11-00A0C91BC942}") = "RGB거리", "RGB거리\RGB거리.vcxproj", "{82F5E9F3-18A7-41F6-A73E-2BC40EF17A89}"
EndProject
Project("{8BC9CEB8-8B4A-11D0-8D11-00A0C91BC942}") = "파일 합치기", "파일 합치기\파일 합치기.vcxproj", "{A2A717C2-A055-4FEA-8AAF-D7C4B617ADB0}"
EndProject
Project("{8BC9CEB8-8B4A-11D0-8D11-00A0C91BC942}") = "정수 삼각형", "정수 삼각형\정수 삼각형.vcxproj", "{08DEBDAF-C1F1-4610-B60F-F922513D5F9E}"
EndProject
Project("{8BC9CEB8-8B4A-11D0-8D11-00A0C91BC942}") = "계단 오르기", "계단 오르기\계단 오르기.vcxproj", "{A3FA77EA-0CAA-4BF8-86FB-FDF678B9BD95}"
EndProject
Project("{8BC9CEB8-8B4A-11D0-8D11-00A0C91BC942}") = "아스키 코드", "아스키 코드\아스키 코드.vcxproj", "{C6CC5D3D-AA63-43F6-A203-2AFF6795063A}"
EndProject
Project("{8BC9CEB8-8B4A-11D0-8D11-00A0C91BC942}") = "알파벳 찾기", "알파벳 찾기\알파벳 찾기.vcxproj", "{68AA7627-D36F-4495-BA90-577844D52FC6}"
EndProject
Project("{8BC9CEB8-8B4A-11D0-8D11-00A0C91BC942}") = "문자열 반복", "문자열 반복\문자열 반복.vcxproj", "{9B5F6B86-2D49-4C5D-A688-E99D97A78CAB}"
EndProject
Global
	GlobalSection(SolutionConfigurationPlatforms) = preSolution
		Debug|x64 = Debug|x64
		Debug|x86 = Debug|x86
		Release|x64 = Release|x64
		Release|x86 = Release|x86
	EndGlobalSection
	GlobalSection(ProjectConfigurationPlatforms) = postSolution
		{A1B2264A-F3FD-432E-A894-3F476A83A779}.Debug|x64.ActiveCfg = Debug|x64
		{A1B2264A-F3FD-432E-A894-3F476A83A779}.Debug|x64.Build.0 = Debug|x64
		{A1B2264A-F3FD-432E-A894-3F476A83A779}.Debug|x86.ActiveCfg = Debug|Win32
		{A1B2264A-F3FD-432E-A894-3F476A83A779}.Debug|x86.Build.0 = Debug|Win32
		{A1B2264A-F3FD-432E-A894-3F476A83A779}.Release|x64.ActiveCfg = Release|x64
		{A1B2264A-F3FD-432E-A894-3F476A83A779}.Release|x64.Build.0 = Release|x64
		{A1B2264A-F3FD-432E-A894-3F476A83A779}.Release|x86.ActiveCfg = Release|Win32
		{A1B2264A-F3FD-432E-A894-3F476A83A779}.Release|x86.Build.0 = Release|Win32
		{28124B63-48E3-4DF5-A73B-6A769C4BB611}.Debug|x64.ActiveCfg = Debug|x64
		{28124B63-48E3-4DF5-A73B-6A769C4BB611}.Debug|x64.Build.0 = Debug|x64
		{28124B63-48E3-4DF5-A73B-6A769C4BB611}.Debug|x86.ActiveCfg = Debug|Win32
		{28124B63-48E3-4DF5-A73B-6A769C4BB611}.Debug|x86.Build.0 = Debug|Win32
		{28124B63-48E3-4DF5-A73B-6A769C4BB611}.Release|x64.ActiveCfg = Release|x64
		{28124B63-48E3-4DF5-A73B-6A769C4BB611}.Release|x64.Build.0 = Release|x64
		{28124B63-48E3-4DF5-A73B-6A769C4BB611}.Release|x86.ActiveCfg = Release|Win32
		{28124B63-48E3-4DF5-A73B-6A769C4BB611}.Release|x86.Build.0 = Release|Win32
		{CBB980C4-0765-42B7-98E5-36DFFF0ECD39}.Debug|x64.ActiveCfg = Debug|x64
		{CBB980C4-0765-42B7-98E5-36DFFF0ECD39}.Debug|x64.Build.0 = Debug|x64
		{CBB980C4-0765-42B7-98E5-36DFFF0ECD39}.Debug|x86.ActiveCfg = Debug|Win32
		{CBB980C4-0765-42B7-98E5-36DFFF0ECD39}.Debug|x86.Build.0 = Debug|Win32
		{CBB980C4-0765-42B7-98E5-36DFFF0ECD39}.Release|x64.ActiveCfg = Release|x64
		{CBB980C4-0765-42B7-98E5-36DFFF0ECD39}.Release|x64.Build.0 = Release|x64
		{CBB980C4-0765-42B7-98E5-36DFFF0ECD39}.Release|x86.ActiveCfg = Release|Win32
		{CBB980C4-0765-42B7-98E5-36DFFF0ECD39}.Release|x86.Build.0 = Release|Win32
		{0A066465-694E-440B-BA49-992A959119DA}.Debug|x64.ActiveCfg = Debug|x64
		{0A066465-694E-440B-BA49-992A959119DA}.Debug|x64.Build.0 = Debug|x64
		{0A066465-694E-440B-BA49-992A959119DA}.Debug|x86.ActiveCfg = Debug|Win32
		{0A066465-694E-440B-BA49-992A959119DA}.Debug|x86.Build.0 = Debug|Win32
		{0A066465-694E-440B-BA49-992A959119DA}.Release|x64.ActiveCfg = Release|x64
		{0A066465-694E-440B-BA49-992A959119DA}.Release|x64.Build.0 = Release|x64
		{0A066465-694E-440B-BA49-992A959119DA}.Release|x86.ActiveCfg = Release|Win32
		{0A066465-694E-440B-BA49-992A959119DA}.Release|x86.Build.0 = Release|Win32
		{DC840766-53B1-4DA6-BB0C-4FEE7533B41E}.Debug|x64.ActiveCfg = Debug|x64
		{DC840766-53B1-4DA6-BB0C-4FEE7533B41E}.Debug|x64.Build.0 = Debug|x64
		{DC840766-53B1-4DA6-BB0C-4FEE7533B41E}.Debug|x86.ActiveCfg = Debug|Win32
		{DC840766-53B1-4DA6-BB0C-4FEE7533B41E}.Debug|x86.Build.0 = Debug|Win32
		{DC840766-53B1-4DA6-BB0C-4FEE7533B41E}.Release|x64.ActiveCfg = Release|x64
		{DC840766-53B1-4DA6-BB0C-4FEE7533B41E}.Release|x64.Build.0 = Release|x64
		{DC840766-53B1-4DA6-BB0C-4FEE7533B41E}.Release|x86.ActiveCfg = Release|Win32
		{DC840766-53B1-4DA6-BB0C-4FEE7533B41E}.Release|x86.Build.0 = Release|Win32
		{56678ACD-52A8-42E2-B0C0-47A09F41BDB3}.Debug|x64.ActiveCfg = Debug|x64
		{56678ACD-52A8-42E2-B0C0-47A09F41BDB3}.Debug|x64.Build.0 = Debug|x64
		{56678ACD-52A8-42E2-B0C0-47A09F41BDB3}.Debug|x86.ActiveCfg = Debug|Win32
		{56678ACD-52A8-42E2-B0C0-47A09F41BDB3}.Debug|x86.Build.0 = Debug|Win32
		{56678ACD-52A8-42E2-B0C0-47A09F41BDB3}.Release|x64.ActiveCfg = Release|x64
		{56678ACD-52A8-42E2-B0C0-47A09F41BDB3}.Release|x64.Build.0 = Release|x64
		{56678ACD-52A8-42E2-B0C0-47A09F41BDB3}.Release|x86.ActiveCfg = Release|Win32
		{56678ACD-52A8-42E2-B0C0-47A09F41BDB3}.Release|x86.Build.0 = Release|Win32
		{EDD558F9-2BDA-4079-9AE5-3318BB424E8F}.Debug|x64.ActiveCfg = Debug|x64
		{EDD558F9-2BDA-4079-9AE5-3318BB424E8F}.Debug|x64.Build.0 = Debug|x64
		{EDD558F9-2BDA-4079-9AE5-3318BB424E8F}.Debug|x86.ActiveCfg = Debug|Win32
		{EDD558F9-2BDA-4079-9AE5-3318BB424E8F}.Debug|x86.Build.0 = Debug|Win32
		{EDD558F9-2BDA-4079-9AE5-3318BB424E8F}.Release|x64.ActiveCfg = Release|x64
		{EDD558F9-2BDA-4079-9AE5-3318BB424E8F}.Release|x64.Build.0 = Release|x64
		{EDD558F9-2BDA-4079-9AE5-3318BB424E8F}.Release|x86.ActiveCfg = Release|Win32
		{EDD558F9-2BDA-4079-9AE5-3318BB424E8F}.Release|x86.Build.0 = Release|Win32
		{9F4514FC-6B06-44E4-964A-5BFEAE349E53}.Debug|x64.ActiveCfg = Debug|x64
		{9F4514FC-6B06-44E4-964A-5BFEAE349E53}.Debug|x64.Build.0 = Debug|x64
		{9F4514FC-6B06-44E4-964A-5BFEAE349E53}.Debug|x86.ActiveCfg = Debug|Win32
		{9F4514FC-6B06-44E4-964A-5BFEAE349E53}.Debug|x86.Build.0 = Debug|Win32
		{9F4514FC-6B06-44E4-964A-5BFEAE349E53}.Release|x64.ActiveCfg = Release|x64
		{9F4514FC-6B06-44E4-964A-5BFEAE349E53}.Release|x64.Build.0 = Release|x64
		{9F4514FC-6B06-44E4-964A-5BFEAE349E53}.Release|x86.ActiveCfg = Release|Win32
		{9F4514FC-6B06-44E4-964A-5BFEAE349E53}.Release|x86.Build.0 = Release|Win32
		{CD045EEF-AE19-416E-A82D-5536BB0560C4}.Debug|x64.ActiveCfg = Debug|x64
		{CD045EEF-AE19-416E-A82D-5536BB0560C4}.Debug|x64.Build.0 = Debug|x64
		{CD045EEF-AE19-416E-A82D-5536BB0560C4}.Debug|x86.ActiveCfg = Debug|Win32
		{CD045EEF-AE19-416E-A82D-5536BB0560C4}.Debug|x86.Build.0 = Debug|Win32
		{CD045EEF-AE19-416E-A82D-5536BB0560C4}.Release|x64.ActiveCfg = Release|x64
		{CD045EEF-AE19-416E-A82D-5536BB0560C4}.Release|x64.Build.0 = Release|x64
		{CD045EEF-AE19-416E-A82D-5536BB0560C4}.Release|x86.ActiveCfg = Release|Win32
		{CD045EEF-AE19-416E-A82D-5536BB0560C4}.Release|x86.Build.0 = Release|Win32
		{DEA9401F-6E24-44D6-9BE7-225493FE75C1}.Debug|x64.ActiveCfg = Debug|x64
		{DEA9401F-6E24-44D6-9BE7-225493FE75C1}.Debug|x64.Build.0 = Debug|x64
		{DEA9401F-6E24-44D6-9BE7-225493FE75C1}.Debug|x86.ActiveCfg = Debug|Win32
		{DEA9401F-6E24-44D6-9BE7-225493FE75C1}.Debug|x86.Build.0 = Debug|Win32
		{DEA9401F-6E24-44D6-9BE7-225493FE75C1}.Release|x64.ActiveCfg = Release|x64
		{DEA9401F-6E24-44D6-9BE7-225493FE75C1}.Release|x64.Build.0 = Release|x64
		{DEA9401F-6E24-44D6-9BE7-225493FE75C1}.Release|x86.ActiveCfg = Release|Win32
		{DEA9401F-6E24-44D6-9BE7-225493FE75C1}.Release|x86.Build.0 = Release|Win32
		{FB24CD92-208D-4B9C-92C9-1FA8F7BE2E24}.Debug|x64.ActiveCfg = Debug|x64
		{FB24CD92-208D-4B9C-92C9-1FA8F7BE2E24}.Debug|x64.Build.0 = Debug|x64
		{FB24CD92-208D-4B9C-92C9-1FA8F7BE2E24}.Debug|x86.ActiveCfg = Debug|Win32
		{FB24CD92-208D-4B9C-92C9-1FA8F7BE2E24}.Debug|x86.Build.0 = Debug|Win32
		{FB24CD92-208D-4B9C-92C9-1FA8F7BE2E24}.Release|x64.ActiveCfg = Release|x64
		{FB24CD92-208D-4B9C-92C9-1FA8F7BE2E24}.Release|x64.Build.0 = Release|x64
		{FB24CD92-208D-4B9C-92C9-1FA8F7BE2E24}.Release|x86.ActiveCfg = Release|Win32
		{FB24CD92-208D-4B9C-92C9-1FA8F7BE2E24}.Release|x86.Build.0 = Release|Win32
		{E75009C1-1EA1-4493-B445-0327D8043234}.Debug|x64.ActiveCfg = Debug|x64
		{E75009C1-1EA1-4493-B445-0327D8043234}.Debug|x64.Build.0 = Debug|x64
		{E75009C1-1EA1-4493-B445-0327D8043234}.Debug|x86.ActiveCfg = Debug|Win32
		{E75009C1-1EA1-4493-B445-0327D8043234}.Debug|x86.Build.0 = Debug|Win32
		{E75009C1-1EA1-4493-B445-0327D8043234}.Release|x64.ActiveCfg = Release|x64
		{E75009C1-1EA1-4493-B445-0327D8043234}.Release|x64.Build.0 = Release|x64
		{E75009C1-1EA1-4493-B445-0327D8043234}.Release|x86.ActiveCfg = Release|Win32
		{E75009C1-1EA1-4493-B445-0327D8043234}.Release|x86.Build.0 = Release|Win32
		{EE13639D-F139-4606-A33F-65B998F909D0}.Debug|x64.ActiveCfg = Debug|x64
		{EE13639D-F139-4606-A33F-65B998F909D0}.Debug|x64.Build.0 = Debug|x64
		{EE13639D-F139-4606-A33F-65B998F909D0}.Debug|x86.ActiveCfg = Debug|Win32
		{EE13639D-F139-4606-A33F-65B998F909D0}.Debug|x86.Build.0 = Debug|Win32
		{EE13639D-F139-4606-A33F-65B998F909D0}.Release|x64.ActiveCfg = Release|x64
		{EE13639D-F139-4606-A33F-65B998F909D0}.Release|x64.Build.0 = Release|x64
		{EE13639D-F139-4606-A33F-65B998F909D0}.Release|x86.ActiveCfg = Release|Win32
		{EE13639D-F139-4606-A33F-65B998F909D0}.Release|x86.Build.0 = Release|Win32
		{EEA977E7-F8D6-41C7-B0F9-837FCBABC068}.Debug|x64.ActiveCfg = Debug|x64
		{EEA977E7-F8D6-41C7-B0F9-837FCBABC068}.Debug|x64.Build.0 = Debug|x64
		{EEA977E7-F8D6-41C7-B0F9-837FCBABC068}.Debug|x86.ActiveCfg = Debug|Win32
		{EEA977E7-F8D6-41C7-B0F9-837FCBABC068}.Debug|x86.Build.0 = Debug|Win32
		{EEA977E7-F8D6-41C7-B0F9-837FCBABC068}.Release|x64.ActiveCfg = Release|x64
		{EEA977E7-F8D6-41C7-B0F9-837FCBABC068}.Release|x64.Build.0 = Release|x64
		{EEA977E7-F8D6-41C7-B0F9-837FCBABC068}.Release|x86.ActiveCfg = Release|Win32
		{EEA977E7-F8D6-41C7-B0F9-837FCBABC068}.Release|x86.Build.0 = Release|Win32
		{C5B24FA7-C07F-4EA2-ACDE-46061670DD1B}.Debug|x64.ActiveCfg = Debug|x64
		{C5B24FA7-C07F-4EA2-ACDE-46061670DD1B}.Debug|x64.Build.0 = Debug|x64
		{C5B24FA7-C07F-4EA2-ACDE-46061670DD1B}.Debug|x86.ActiveCfg = Debug|Win32
		{C5B24FA7-C07F-4EA2-ACDE-46061670DD1B}.Debug|x86.Build.0 = Debug|Win32
		{C5B24FA7-C07F-4EA2-ACDE-46061670DD1B}.Release|x64.ActiveCfg = Release|x64
		{C5B24FA7-C07F-4EA2-ACDE-46061670DD1B}.Release|x64.Build.0 = Release|x64
		{C5B24FA7-C07F-4EA2-ACDE-46061670DD1B}.Release|x86.ActiveCfg = Release|Win32
		{C5B24FA7-C07F-4EA2-ACDE-46061670DD1B}.Release|x86.Build.0 = Release|Win32
		{F0A1B627-CD06-4BE7-A359-70E861669FFA}.Debug|x64.ActiveCfg = Debug|x64
		{F0A1B627-CD06-4BE7-A359-70E861669FFA}.Debug|x64.Build.0 = Debug|x64
		{F0A1B627-CD06-4BE7-A359-70E861669FFA}.Debug|x86.ActiveCfg = Debug|Win32
		{F0A1B627-CD06-4BE7-A359-70E861669FFA}.Debug|x86.Build.0 = Debug|Win32
		{F0A1B627-CD06-4BE7-A359-70E861669FFA}.Release|x64.ActiveCfg = Release|x64
		{F0A1B627-CD06-4BE7-A359-70E861669FFA}.Release|x64.Build.0 = Release|x64
		{F0A1B627-CD06-4BE7-A359-70E861669FFA}.Release|x86.ActiveCfg = Release|Win32
		{F0A1B627-CD06-4BE7-A359-70E861669FFA}.Release|x86.Build.0 = Release|Win32
		{568EE152-4F38-4E99-8A9F-FB3BECFFEBFE}.Debug|x64.ActiveCfg = Debug|x64
		{568EE152-4F38-4E99-8A9F-FB3BECFFEBFE}.Debug|x64.Build.0 = Debug|x64
		{568EE152-4F38-4E99-8A9F-FB3BECFFEBFE}.Debug|x86.ActiveCfg = Debug|Win32
		{568EE152-4F38-4E99-8A9F-FB3BECFFEBFE}.Debug|x86.Build.0 = Debug|Win32
		{568EE152-4F38-4E99-8A9F-FB3BECFFEBFE}.Release|x64.ActiveCfg = Release|x64
		{568EE152-4F38-4E99-8A9F-FB3BECFFEBFE}.Release|x64.Build.0 = Release|x64
		{568EE152-4F38-4E99-8A9F-FB3BECFFEBFE}.Release|x86.ActiveCfg = Release|Win32
		{568EE152-4F38-4E99-8A9F-FB3BECFFEBFE}.Release|x86.Build.0 = Release|Win32
		{58EC28B3-AE18-4D62-AC6A-3A3C106B8A47}.Debug|x64.ActiveCfg = Debug|x64
		{58EC28B3-AE18-4D62-AC6A-3A3C106B8A47}.Debug|x64.Build.0 = Debug|x64
		{58EC28B3-AE18-4D62-AC6A-3A3C106B8A47}.Debug|x86.ActiveCfg = Debug|Win32
		{58EC28B3-AE18-4D62-AC6A-3A3C106B8A47}.Debug|x86.Build.0 = Debug|Win32
		{58EC28B3-AE18-4D62-AC6A-3A3C106B8A47}.Release|x64.ActiveCfg = Release|x64
		{58EC28B3-AE18-4D62-AC6A-3A3C106B8A47}.Release|x64.Build.0 = Release|x64
		{58EC28B3-AE18-4D62-AC6A-3A3C106B8A47}.Release|x86.ActiveCfg = Release|Win32
		{58EC28B3-AE18-4D62-AC6A-3A3C106B8A47}.Release|x86.Build.0 = Release|Win32
		{AEC869CD-EFC0-479D-847E-9494CDD0B7B1}.Debug|x64.ActiveCfg = Debug|x64
		{AEC869CD-EFC0-479D-847E-9494CDD0B7B1}.Debug|x64.Build.0 = Debug|x64
		{AEC869CD-EFC0-479D-847E-9494CDD0B7B1}.Debug|x86.ActiveCfg = Debug|Win32
		{AEC869CD-EFC0-479D-847E-9494CDD0B7B1}.Debug|x86.Build.0 = Debug|Win32
		{AEC869CD-EFC0-479D-847E-9494CDD0B7B1}.Release|x64.ActiveCfg = Release|x64
		{AEC869CD-EFC0-479D-847E-9494CDD0B7B1}.Release|x64.Build.0 = Release|x64
		{AEC869CD-EFC0-479D-847E-9494CDD0B7B1}.Release|x86.ActiveCfg = Release|Win32
		{AEC869CD-EFC0-479D-847E-9494CDD0B7B1}.Release|x86.Build.0 = Release|Win32
		{DD4FCDF8-AC1F-482F-8D82-AD9CD981EB24}.Debug|x64.ActiveCfg = Debug|x64
		{DD4FCDF8-AC1F-482F-8D82-AD9CD981EB24}.Debug|x64.Build.0 = Debug|x64
		{DD4FCDF8-AC1F-482F-8D82-AD9CD981EB24}.Debug|x86.ActiveCfg = Debug|Win32
		{DD4FCDF8-AC1F-482F-8D82-AD9CD981EB24}.Debug|x86.Build.0 = Debug|Win32
		{DD4FCDF8-AC1F-482F-8D82-AD9CD981EB24}.Release|x64.ActiveCfg = Release|x64
		{DD4FCDF8-AC1F-482F-8D82-AD9CD981EB24}.Release|x64.Build.0 = Release|x64
		{DD4FCDF8-AC1F-482F-8D82-AD9CD981EB24}.Release|x86.ActiveCfg = Release|Win32
		{DD4FCDF8-AC1F-482F-8D82-AD9CD981EB24}.Release|x86.Build.0 = Release|Win32
		{9962879F-3D82-4C19-80AC-714D5893E260}.Debug|x64.ActiveCfg = Debug|x64
		{9962879F-3D82-4C19-80AC-714D5893E260}.Debug|x64.Build.0 = Debug|x64
		{9962879F-3D82-4C19-80AC-714D5893E260}.Debug|x86.ActiveCfg = Debug|Win32
		{9962879F-3D82-4C19-80AC-714D5893E260}.Debug|x86.Build.0 = Debug|Win32
		{9962879F-3D82-4C19-80AC-714D5893E260}.Release|x64.ActiveCfg = Release|x64
		{9962879F-3D82-4C19-80AC-714D5893E260}.Release|x64.Build.0 = Release|x64
		{9962879F-3D82-4C19-80AC-714D5893E260}.Release|x86.ActiveCfg = Release|Win32
		{9962879F-3D82-4C19-80AC-714D5893E260}.Release|x86.Build.0 = Release|Win32
		{0EBF656E-E5A8-4817-B96D-BBAB1C0F8563}.Debug|x64.ActiveCfg = Debug|x64
		{0EBF656E-E5A8-4817-B96D-BBAB1C0F8563}.Debug|x64.Build.0 = Debug|x64
		{0EBF656E-E5A8-4817-B96D-BBAB1C0F8563}.Debug|x86.ActiveCfg = Debug|Win32
		{0EBF656E-E5A8-4817-B96D-BBAB1C0F8563}.Debug|x86.Build.0 = Debug|Win32
		{0EBF656E-E5A8-4817-B96D-BBAB1C0F8563}.Release|x64.ActiveCfg = Release|x64
		{0EBF656E-E5A8-4817-B96D-BBAB1C0F8563}.Release|x64.Build.0 = Release|x64
		{0EBF656E-E5A8-4817-B96D-BBAB1C0F8563}.Release|x86.ActiveCfg = Release|Win32
		{0EBF656E-E5A8-4817-B96D-BBAB1C0F8563}.Release|x86.Build.0 = Release|Win32
		{951F46AE-A741-4CF0-8030-F02A23BD356A}.Debug|x64.ActiveCfg = Debug|x64
		{951F46AE-A741-4CF0-8030-F02A23BD356A}.Debug|x64.Build.0 = Debug|x64
		{951F46AE-A741-4CF0-8030-F02A23BD356A}.Debug|x86.ActiveCfg = Debug|Win32
		{951F46AE-A741-4CF0-8030-F02A23BD356A}.Debug|x86.Build.0 = Debug|Win32
		{951F46AE-A741-4CF0-8030-F02A23BD356A}.Release|x64.ActiveCfg = Release|x64
		{951F46AE-A741-4CF0-8030-F02A23BD356A}.Release|x64.Build.0 = Release|x64
		{951F46AE-A741-4CF0-8030-F02A23BD356A}.Release|x86.ActiveCfg = Release|Win32
		{951F46AE-A741-4CF0-8030-F02A23BD356A}.Release|x86.Build.0 = Release|Win32
		{B76CE5A1-9B0C-4931-BC2F-2178001166C5}.Debug|x64.ActiveCfg = Debug|x64
		{B76CE5A1-9B0C-4931-BC2F-2178001166C5}.Debug|x64.Build.0 = Debug|x64
		{B76CE5A1-9B0C-4931-BC2F-2178001166C5}.Debug|x86.ActiveCfg = Debug|Win32
		{B76CE5A1-9B0C-4931-BC2F-2178001166C5}.Debug|x86.Build.0 = Debug|Win32
		{B76CE5A1-9B0C-4931-BC2F-2178001166C5}.Release|x64.ActiveCfg = Release|x64
		{B76CE5A1-9B0C-4931-BC2F-2178001166C5}.Release|x64.Build.0 = Release|x64
		{B76CE5A1-9B0C-4931-BC2F-2178001166C5}.Release|x86.ActiveCfg = Release|Win32
		{B76CE5A1-9B0C-4931-BC2F-2178001166C5}.Release|x86.Build.0 = Release|Win32
		{773F5D18-D4E2-49E2-A492-60FFF4C9CE21}.Debug|x64.ActiveCfg = Debug|x64
		{773F5D18-D4E2-49E2-A492-60FFF4C9CE21}.Debug|x64.Build.0 = Debug|x64
		{773F5D18-D4E2-49E2-A492-60FFF4C9CE21}.Debug|x86.ActiveCfg = Debug|Win32
		{773F5D18-D4E2-49E2-A492-60FFF4C9CE21}.Debug|x86.Build.0 = Debug|Win32
		{773F5D18-D4E2-49E2-A492-60FFF4C9CE21}.Release|x64.ActiveCfg = Release|x64
		{773F5D18-D4E2-49E2-A492-60FFF4C9CE21}.Release|x64.Build.0 = Release|x64
		{773F5D18-D4E2-49E2-A492-60FFF4C9CE21}.Release|x86.ActiveCfg = Release|Win32
		{773F5D18-D4E2-49E2-A492-60FFF4C9CE21}.Release|x86.Build.0 = Release|Win32
		{DCA2BDC8-2F53-489F-89B3-D297CDA7A026}.Debug|x64.ActiveCfg = Debug|x64
		{DCA2BDC8-2F53-489F-89B3-D297CDA7A026}.Debug|x64.Build.0 = Debug|x64
		{DCA2BDC8-2F53-489F-89B3-D297CDA7A026}.Debug|x86.ActiveCfg = Debug|Win32
		{DCA2BDC8-2F53-489F-89B3-D297CDA7A026}.Debug|x86.Build.0 = Debug|Win32
		{DCA2BDC8-2F53-489F-89B3-D297CDA7A026}.Release|x64.ActiveCfg = Release|x64
		{DCA2BDC8-2F53-489F-89B3-D297CDA7A026}.Release|x64.Build.0 = Release|x64
		{DCA2BDC8-2F53-489F-89B3-D297CDA7A026}.Release|x86.ActiveCfg = Release|Win32
		{DCA2BDC8-2F53-489F-89B3-D297CDA7A026}.Release|x86.Build.0 = Release|Win32
		{19A87315-BA1C-4B40-807E-A3F0BD6BEB46}.Debug|x64.ActiveCfg = Debug|x64
		{19A87315-BA1C-4B40-807E-A3F0BD6BEB46}.Debug|x64.Build.0 = Debug|x64
		{19A87315-BA1C-4B40-807E-A3F0BD6BEB46}.Debug|x86.ActiveCfg = Debug|Win32
		{19A87315-BA1C-4B40-807E-A3F0BD6BEB46}.Debug|x86.Build.0 = Debug|Win32
		{19A87315-BA1C-4B40-807E-A3F0BD6BEB46}.Release|x64.ActiveCfg = Release|x64
		{19A87315-BA1C-4B40-807E-A3F0BD6BEB46}.Release|x64.Build.0 = Release|x64
		{19A87315-BA1C-4B40-807E-A3F0BD6BEB46}.Release|x86.ActiveCfg = Release|Win32
		{19A87315-BA1C-4B40-807E-A3F0BD6BEB46}.Release|x86.Build.0 = Release|Win32
		{5248F48C-5D42-4431-B506-C848D8122318}.Debug|x64.ActiveCfg = Debug|x64
		{5248F48C-5D42-4431-B506-C848D8122318}.Debug|x64.Build.0 = Debug|x64
		{5248F48C-5D42-4431-B506-C848D8122318}.Debug|x86.ActiveCfg = Debug|Win32
		{5248F48C-5D42-4431-B506-C848D8122318}.Debug|x86.Build.0 = Debug|Win32
		{5248F48C-5D42-4431-B506-C848D8122318}.Release|x64.ActiveCfg = Release|x64
		{5248F48C-5D42-4431-B506-C848D8122318}.Release|x64.Build.0 = Release|x64
		{5248F48C-5D42-4431-B506-C848D8122318}.Release|x86.ActiveCfg = Release|Win32
		{5248F48C-5D42-4431-B506-C848D8122318}.Release|x86.Build.0 = Release|Win32
		{DEBDD997-7DEB-4C38-860E-8DD8B881E4BA}.Debug|x64.ActiveCfg = Debug|x64
		{DEBDD997-7DEB-4C38-860E-8DD8B881E4BA}.Debug|x64.Build.0 = Debug|x64
		{DEBDD997-7DEB-4C38-860E-8DD8B881E4BA}.Debug|x86.ActiveCfg = Debug|Win32
		{DEBDD997-7DEB-4C38-860E-8DD8B881E4BA}.Debug|x86.Build.0 = Debug|Win32
		{DEBDD997-7DEB-4C38-860E-8DD8B881E4BA}.Release|x64.ActiveCfg = Release|x64
		{DEBDD997-7DEB-4C38-860E-8DD8B881E4BA}.Release|x64.Build.0 = Release|x64
		{DEBDD997-7DEB-4C38-860E-8DD8B881E4BA}.Release|x86.ActiveCfg = Release|Win32
		{DEBDD997-7DEB-4C38-860E-8DD8B881E4BA}.Release|x86.Build.0 = Release|Win32
		{F6A82484-2319-49A6-817E-872656BC8BE1}.Debug|x64.ActiveCfg = Debug|x64
		{F6A82484-2319-49A6-817E-872656BC8BE1}.Debug|x64.Build.0 = Debug|x64
		{F6A82484-2319-49A6-817E-872656BC8BE1}.Debug|x86.ActiveCfg = Debug|Win32
		{F6A82484-2319-49A6-817E-872656BC8BE1}.Debug|x86.Build.0 = Debug|Win32
		{F6A82484-2319-49A6-817E-872656BC8BE1}.Release|x64.ActiveCfg = Release|x64
		{F6A82484-2319-49A6-817E-872656BC8BE1}.Release|x64.Build.0 = Release|x64
		{F6A82484-2319-49A6-817E-872656BC8BE1}.Release|x86.ActiveCfg = Release|Win32
		{F6A82484-2319-49A6-817E-872656BC8BE1}.Release|x86.Build.0 = Release|Win32
		{91E0539C-212C-4E2E-9F65-76019BF005B6}.Debug|x64.ActiveCfg = Debug|x64
		{91E0539C-212C-4E2E-9F65-76019BF005B6}.Debug|x64.Build.0 = Debug|x64
		{91E0539C-212C-4E2E-9F65-76019BF005B6}.Debug|x86.ActiveCfg = Debug|Win32
		{91E0539C-212C-4E2E-9F65-76019BF005B6}.Debug|x86.Build.0 = Debug|Win32
		{91E0539C-212C-4E2E-9F65-76019BF005B6}.Release|x64.ActiveCfg = Release|x64
		{91E0539C-212C-4E2E-9F65-76019BF005B6}.Release|x64.Build.0 = Release|x64
		{91E0539C-212C-4E2E-9F65-76019BF005B6}.Release|x86.ActiveCfg = Release|Win32
		{91E0539C-212C-4E2E-9F65-76019BF005B6}.Release|x86.Build.0 = Release|Win32
		{2ACC97E6-2D6A-47EE-8932-DA72A1C1878A}.Debug|x64.ActiveCfg = Debug|x64
		{2ACC97E6-2D6A-47EE-8932-DA72A1C1878A}.Debug|x64.Build.0 = Debug|x64
		{2ACC97E6-2D6A-47EE-8932-DA72A1C1878A}.Debug|x86.ActiveCfg = Debug|Win32
		{2ACC97E6-2D6A-47EE-8932-DA72A1C1878A}.Debug|x86.Build.0 = Debug|Win32
		{2ACC97E6-2D6A-47EE-8932-DA72A1C1878A}.Release|x64.ActiveCfg = Release|x64
		{2ACC97E6-2D6A-47EE-8932-DA72A1C1878A}.Release|x64.Build.0 = Release|x64
		{2ACC97E6-2D6A-47EE-8932-DA72A1C1878A}.Release|x86.ActiveCfg = Release|Win32
		{2ACC97E6-2D6A-47EE-8932-DA72A1C1878A}.Release|x86.Build.0 = Release|Win32
		{A559574C-7881-4DDF-8CBE-AB795A9C0DCD}.Debug|x64.ActiveCfg = Debug|x64
		{A559574C-7881-4DDF-8CBE-AB795A9C0DCD}.Debug|x64.Build.0 = Debug|x64
		{A559574C-7881-4DDF-8CBE-AB795A9C0DCD}.Debug|x86.ActiveCfg = Debug|Win32
		{A559574C-7881-4DDF-8CBE-AB795A9C0DCD}.Debug|x86.Build.0 = Debug|Win32
		{A559574C-7881-4DDF-8CBE-AB795A9C0DCD}.Release|x64.ActiveCfg = Release|x64
		{A559574C-7881-4DDF-8CBE-AB795A9C0DCD}.Release|x64.Build.0 = Release|x64
		{A559574C-7881-4DDF-8CBE-AB795A9C0DCD}.Release|x86.ActiveCfg = Release|Win32
		{A559574C-7881-4DDF-8CBE-AB795A9C0DCD}.Release|x86.Build.0 = Release|Win32
		{ABE6918D-9ED2-4794-B24E-E3EFE8EC3469}.Debug|x64.ActiveCfg = Debug|x64
		{ABE6918D-9ED2-4794-B24E-E3EFE8EC3469}.Debug|x64.Build.0 = Debug|x64
		{ABE6918D-9ED2-4794-B24E-E3EFE8EC3469}.Debug|x86.ActiveCfg = Debug|Win32
		{ABE6918D-9ED2-4794-B24E-E3EFE8EC3469}.Debug|x86.Build.0 = Debug|Win32
		{ABE6918D-9ED2-4794-B24E-E3EFE8EC3469}.Release|x64.ActiveCfg = Release|x64
		{ABE6918D-9ED2-4794-B24E-E3EFE8EC3469}.Release|x64.Build.0 = Release|x64
		{ABE6918D-9ED2-4794-B24E-E3EFE8EC3469}.Release|x86.ActiveCfg = Release|Win32
		{ABE6918D-9ED2-4794-B24E-E3EFE8EC3469}.Release|x86.Build.0 = Release|Win32
		{3127D56D-241C-4E33-AA40-276D6F293539}.Debug|x64.ActiveCfg = Debug|x64
		{3127D56D-241C-4E33-AA40-276D6F293539}.Debug|x64.Build.0 = Debug|x64
		{3127D56D-241C-4E33-AA40-276D6F293539}.Debug|x86.ActiveCfg = Debug|Win32
		{3127D56D-241C-4E33-AA40-276D6F293539}.Debug|x86.Build.0 = Debug|Win32
		{3127D56D-241C-4E33-AA40-276D6F293539}.Release|x64.ActiveCfg = Release|x64
		{3127D56D-241C-4E33-AA40-276D6F293539}.Release|x64.Build.0 = Release|x64
		{3127D56D-241C-4E33-AA40-276D6F293539}.Release|x86.ActiveCfg = Release|Win32
		{3127D56D-241C-4E33-AA40-276D6F293539}.Release|x86.Build.0 = Release|Win32
		{6B027015-61BA-4313-ACBF-1B2831F19B35}.Debug|x64.ActiveCfg = Debug|x64
		{6B027015-61BA-4313-ACBF-1B2831F19B35}.Debug|x64.Build.0 = Debug|x64
		{6B027015-61BA-4313-ACBF-1B2831F19B35}.Debug|x86.ActiveCfg = Debug|Win32
		{6B027015-61BA-4313-ACBF-1B2831F19B35}.Debug|x86.Build.0 = Debug|Win32
		{6B027015-61BA-4313-ACBF-1B2831F19B35}.Release|x64.ActiveCfg = Release|x64
		{6B027015-61BA-4313-ACBF-1B2831F19B35}.Release|x64.Build.0 = Release|x64
		{6B027015-61BA-4313-ACBF-1B2831F19B35}.Release|x86.ActiveCfg = Release|Win32
		{6B027015-61BA-4313-ACBF-1B2831F19B35}.Release|x86.Build.0 = Release|Win32
		{44B1207C-F435-4979-ACE8-6CC116E68CCC}.Debug|x64.ActiveCfg = Debug|x64
		{44B1207C-F435-4979-ACE8-6CC116E68CCC}.Debug|x64.Build.0 = Debug|x64
		{44B1207C-F435-4979-ACE8-6CC116E68CCC}.Debug|x86.ActiveCfg = Debug|Win32
		{44B1207C-F435-4979-ACE8-6CC116E68CCC}.Debug|x86.Build.0 = Debug|Win32
		{44B1207C-F435-4979-ACE8-6CC116E68CCC}.Release|x64.ActiveCfg = Release|x64
		{44B1207C-F435-4979-ACE8-6CC116E68CCC}.Release|x64.Build.0 = Release|x64
		{44B1207C-F435-4979-ACE8-6CC116E68CCC}.Release|x86.ActiveCfg = Release|Win32
		{44B1207C-F435-4979-ACE8-6CC116E68CCC}.Release|x86.Build.0 = Release|Win32
		{3A46C1DE-BA1E-40F8-BD53-9D64B9F6CF57}.Debug|x64.ActiveCfg = Debug|x64
		{3A46C1DE-BA1E-40F8-BD53-9D64B9F6CF57}.Debug|x64.Build.0 = Debug|x64
		{3A46C1DE-BA1E-40F8-BD53-9D64B9F6CF57}.Debug|x86.ActiveCfg = Debug|Win32
		{3A46C1DE-BA1E-40F8-BD53-9D64B9F6CF57}.Debug|x86.Build.0 = Debug|Win32
		{3A46C1DE-BA1E-40F8-BD53-9D64B9F6CF57}.Release|x64.ActiveCfg = Release|x64
		{3A46C1DE-BA1E-40F8-BD53-9D64B9F6CF57}.Release|x64.Build.0 = Release|x64
		{3A46C1DE-BA1E-40F8-BD53-9D64B9F6CF57}.Release|x86.ActiveCfg = Release|Win32
		{3A46C1DE-BA1E-40F8-BD53-9D64B9F6CF57}.Release|x86.Build.0 = Release|Win32
		{EBAE073F-3C43-438F-A5E1-2924AEF5D669}.Debug|x64.ActiveCfg = Debug|x64
		{EBAE073F-3C43-438F-A5E1-2924AEF5D669}.Debug|x64.Build.0 = Debug|x64
		{EBAE073F-3C43-438F-A5E1-2924AEF5D669}.Debug|x86.ActiveCfg = Debug|Win32
		{EBAE073F-3C43-438F-A5E1-2924AEF5D669}.Debug|x86.Build.0 = Debug|Win32
		{EBAE073F-3C43-438F-A5E1-2924AEF5D669}.Release|x64.ActiveCfg = Release|x64
		{EBAE073F-3C43-438F-A5E1-2924AEF5D669}.Release|x64.Build.0 = Release|x64
		{EBAE073F-3C43-438F-A5E1-2924AEF5D669}.Release|x86.ActiveCfg = Release|Win32
		{EBAE073F-3C43-438F-A5E1-2924AEF5D669}.Release|x86.Build.0 = Release|Win32
		{CBE652C4-E9D9-4E8A-BD31-39774195FCC3}.Debug|x64.ActiveCfg = Debug|x64
		{CBE652C4-E9D9-4E8A-BD31-39774195FCC3}.Debug|x64.Build.0 = Debug|x64
		{CBE652C4-E9D9-4E8A-BD31-39774195FCC3}.Debug|x86.ActiveCfg = Debug|Win32
		{CBE652C4-E9D9-4E8A-BD31-39774195FCC3}.Debug|x86.Build.0 = Debug|Win32
		{CBE652C4-E9D9-4E8A-BD31-39774195FCC3}.Release|x64.ActiveCfg = Release|x64
		{CBE652C4-E9D9-4E8A-BD31-39774195FCC3}.Release|x64.Build.0 = Release|x64
		{CBE652C4-E9D9-4E8A-BD31-39774195FCC3}.Release|x86.ActiveCfg = Release|Win32
		{CBE652C4-E9D9-4E8A-BD31-39774195FCC3}.Release|x86.Build.0 = Release|Win32
		{3CC954F6-3332-4FE0-BB8A-2E1AFE1BCC70}.Debug|x64.ActiveCfg = Debug|x64
		{3CC954F6-3332-4FE0-BB8A-2E1AFE1BCC70}.Debug|x64.Build.0 = Debug|x64
		{3CC954F6-3332-4FE0-BB8A-2E1AFE1BCC70}.Debug|x86.ActiveCfg = Debug|Win32
		{3CC954F6-3332-4FE0-BB8A-2E1AFE1BCC70}.Debug|x86.Build.0 = Debug|Win32
		{3CC954F6-3332-4FE0-BB8A-2E1AFE1BCC70}.Release|x64.ActiveCfg = Release|x64
		{3CC954F6-3332-4FE0-BB8A-2E1AFE1BCC70}.Release|x64.Build.0 = Release|x64
		{3CC954F6-3332-4FE0-BB8A-2E1AFE1BCC70}.Release|x86.ActiveCfg = Release|Win32
		{3CC954F6-3332-4FE0-BB8A-2E1AFE1BCC70}.Release|x86.Build.0 = Release|Win32
		{A01F0CF0-CFB8-4520-B47D-0DF5DE2E5A58}.Debug|x64.ActiveCfg = Debug|x64
		{A01F0CF0-CFB8-4520-B47D-0DF5DE2E5A58}.Debug|x64.Build.0 = Debug|x64
		{A01F0CF0-CFB8-4520-B47D-0DF5DE2E5A58}.Debug|x86.ActiveCfg = Debug|Win32
		{A01F0CF0-CFB8-4520-B47D-0DF5DE2E5A58}.Debug|x86.Build.0 = Debug|Win32
		{A01F0CF0-CFB8-4520-B47D-0DF5DE2E5A58}.Release|x64.ActiveCfg = Release|x64
		{A01F0CF0-CFB8-4520-B47D-0DF5DE2E5A58}.Release|x64.Build.0 = Release|x64
		{A01F0CF0-CFB8-4520-B47D-0DF5DE2E5A58}.Release|x86.ActiveCfg = Release|Win32
		{A01F0CF0-CFB8-4520-B47D-0DF5DE2E5A58}.Release|x86.Build.0 = Release|Win32
		{76C392B0-0CA0-42A2-BBF7-5E21B609AA2C}.Debug|x64.ActiveCfg = Debug|x64
		{76C392B0-0CA0-42A2-BBF7-5E21B609AA2C}.Debug|x64.Build.0 = Debug|x64
		{76C392B0-0CA0-42A2-BBF7-5E21B609AA2C}.Debug|x86.ActiveCfg = Debug|Win32
		{76C392B0-0CA0-42A2-BBF7-5E21B609AA2C}.Debug|x86.Build.0 = Debug|Win32
		{76C392B0-0CA0-42A2-BBF7-5E21B609AA2C}.Release|x64.ActiveCfg = Release|x64
		{76C392B0-0CA0-42A2-BBF7-5E21B609AA2C}.Release|x64.Build.0 = Release|x64
		{76C392B0-0CA0-42A2-BBF7-5E21B609AA2C}.Release|x86.ActiveCfg = Release|Win32
		{76C392B0-0CA0-42A2-BBF7-5E21B609AA2C}.Release|x86.Build.0 = Release|Win32
		{10E77F8F-16EE-4753-A69F-AEEEC724FCC0}.Debug|x64.ActiveCfg = Debug|x64
		{10E77F8F-16EE-4753-A69F-AEEEC724FCC0}.Debug|x64.Build.0 = Debug|x64
		{10E77F8F-16EE-4753-A69F-AEEEC724FCC0}.Debug|x86.ActiveCfg = Debug|Win32
		{10E77F8F-16EE-4753-A69F-AEEEC724FCC0}.Debug|x86.Build.0 = Debug|Win32
		{10E77F8F-16EE-4753-A69F-AEEEC724FCC0}.Release|x64.ActiveCfg = Release|x64
		{10E77F8F-16EE-4753-A69F-AEEEC724FCC0}.Release|x64.Build.0 = Release|x64
		{10E77F8F-16EE-4753-A69F-AEEEC724FCC0}.Release|x86.ActiveCfg = Release|Win32
		{10E77F8F-16EE-4753-A69F-AEEEC724FCC0}.Release|x86.Build.0 = Release|Win32
		{5F654A85-5583-480D-A792-2492E70700B3}.Debug|x64.ActiveCfg = Debug|x64
		{5F654A85-5583-480D-A792-2492E70700B3}.Debug|x64.Build.0 = Debug|x64
		{5F654A85-5583-480D-A792-2492E70700B3}.Debug|x86.ActiveCfg = Debug|Win32
		{5F654A85-5583-480D-A792-2492E70700B3}.Debug|x86.Build.0 = Debug|Win32
		{5F654A85-5583-480D-A792-2492E70700B3}.Release|x64.ActiveCfg = Release|x64
		{5F654A85-5583-480D-A792-2492E70700B3}.Release|x64.Build.0 = Release|x64
		{5F654A85-5583-480D-A792-2492E70700B3}.Release|x86.ActiveCfg = Release|Win32
		{5F654A85-5583-480D-A792-2492E70700B3}.Release|x86.Build.0 = Release|Win32
		{41EB6E3D-3CF9-42E4-9175-BB4D3AC87BF0}.Debug|x64.ActiveCfg = Debug|x64
		{41EB6E3D-3CF9-42E4-9175-BB4D3AC87BF0}.Debug|x64.Build.0 = Debug|x64
		{41EB6E3D-3CF9-42E4-9175-BB4D3AC87BF0}.Debug|x86.ActiveCfg = Debug|Win32
		{41EB6E3D-3CF9-42E4-9175-BB4D3AC87BF0}.Debug|x86.Build.0 = Debug|Win32
		{41EB6E3D-3CF9-42E4-9175-BB4D3AC87BF0}.Release|x64.ActiveCfg = Release|x64
		{41EB6E3D-3CF9-42E4-9175-BB4D3AC87BF0}.Release|x64.Build.0 = Release|x64
		{41EB6E3D-3CF9-42E4-9175-BB4D3AC87BF0}.Release|x86.ActiveCfg = Release|Win32
		{41EB6E3D-3CF9-42E4-9175-BB4D3AC87BF0}.Release|x86.Build.0 = Release|Win32
		{4A720613-999D-404F-BC11-9CF39777392C}.Debug|x64.ActiveCfg = Debug|x64
		{4A720613-999D-404F-BC11-9CF39777392C}.Debug|x64.Build.0 = Debug|x64
		{4A720613-999D-404F-BC11-9CF39777392C}.Debug|x86.ActiveCfg = Debug|Win32
		{4A720613-999D-404F-BC11-9CF39777392C}.Debug|x86.Build.0 = Debug|Win32
		{4A720613-999D-404F-BC11-9CF39777392C}.Release|x64.ActiveCfg = Release|x64
		{4A720613-999D-404F-BC11-9CF39777392C}.Release|x64.Build.0 = Release|x64
		{4A720613-999D-404F-BC11-9CF39777392C}.Release|x86.ActiveCfg = Release|Win32
		{4A720613-999D-404F-BC11-9CF39777392C}.Release|x86.Build.0 = Release|Win32
		{24A663FF-C467-493F-AA3F-A0B52130DAE5}.Debug|x64.ActiveCfg = Debug|x64
		{24A663FF-C467-493F-AA3F-A0B52130DAE5}.Debug|x64.Build.0 = Debug|x64
		{24A663FF-C467-493F-AA3F-A0B52130DAE5}.Debug|x86.ActiveCfg = Debug|Win32
		{24A663FF-C467-493F-AA3F-A0B52130DAE5}.Debug|x86.Build.0 = Debug|Win32
		{24A663FF-C467-493F-AA3F-A0B52130DAE5}.Release|x64.ActiveCfg = Release|x64
		{24A663FF-C467-493F-AA3F-A0B52130DAE5}.Release|x64.Build.0 = Release|x64
		{24A663FF-C467-493F-AA3F-A0B52130DAE5}.Release|x86.ActiveCfg = Release|Win32
		{24A663FF-C467-493F-AA3F-A0B52130DAE5}.Release|x86.Build.0 = Release|Win32
		{82F5E9F3-18A7-41F6-A73E-2BC40EF17A89}.Debug|x64.ActiveCfg = Debug|x64
		{82F5E9F3-18A7-41F6-A73E-2BC40EF17A89}.Debug|x64.Build.0 = Debug|x64
		{82F5E9F3-18A7-41F6-A73E-2BC40EF17A89}.Debug|x86.ActiveCfg = Debug|Win32
		{82F5E9F3-18A7-41F6-A73E-2BC40EF17A89}.Debug|x86.Build.0 = Debug|Win32
		{82F5E9F3-18A7-41F6-A73E-2BC40EF17A89}.Release|x64.ActiveCfg = Release|x64
		{82F5E9F3-18A7-41F6-A73E-2BC40EF17A89}.Release|x64.Build.0 = Release|x64
		{82F5E9F3-18A7-41F6-A73E-2BC40EF17A89}.Release|x86.ActiveCfg = Release|Win32
		{82F5E9F3-18A7-41F6-A73E-2BC40EF17A89}.Release|x86.Build.0 = Release|Win32
		{A2A717C2-A055-4FEA-8AAF-D7C4B617ADB0}.Debug|x64.ActiveCfg = Debug|x64
		{A2A717C2-A055-4FEA-8AAF-D7C4B617ADB0}.Debug|x64.Build.0 = Debug|x64
		{A2A717C2-A055-4FEA-8AAF-D7C4B617ADB0}.Debug|x86.ActiveCfg = Debug|Win32
		{A2A717C2-A055-4FEA-8AAF-D7C4B617ADB0}.Debug|x86.Build.0 = Debug|Win32
		{A2A717C2-A055-4FEA-8AAF-D7C4B617ADB0}.Release|x64.ActiveCfg = Release|x64
		{A2A717C2-A055-4FEA-8AAF-D7C4B617ADB0}.Release|x64.Build.0 = Release|x64
		{A2A717C2-A055-4FEA-8AAF-D7C4B617ADB0}.Release|x86.ActiveCfg = Release|Win32
		{A2A717C2-A055-4FEA-8AAF-D7C4B617ADB0}.Release|x86.Build.0 = Release|Win32
		{08DEBDAF-C1F1-4610-B60F-F922513D5F9E}.Debug|x64.ActiveCfg = Debug|x64
		{08DEBDAF-C1F1-4610-B60F-F922513D5F9E}.Debug|x64.Build.0 = Debug|x64
		{08DEBDAF-C1F1-4610-B60F-F922513D5F9E}.Debug|x86.ActiveCfg = Debug|Win32
		{08DEBDAF-C1F1-4610-B60F-F922513D5F9E}.Debug|x86.Build.0 = Debug|Win32
		{08DEBDAF-C1F1-4610-B60F-F922513D5F9E}.Release|x64.ActiveCfg = Release|x64
		{08DEBDAF-C1F1-4610-B60F-F922513D5F9E}.Release|x64.Build.0 = Release|x64
		{08DEBDAF-C1F1-4610-B60F-F922513D5F9E}.Release|x86.ActiveCfg = Release|Win32
		{08DEBDAF-C1F1-4610-B60F-F922513D5F9E}.Release|x86.Build.0 = Release|Win32
		{A3FA77EA-0CAA-4BF8-86FB-FDF678B9BD95}.Debug|x64.ActiveCfg = Debug|x64
		{A3FA77EA-0CAA-4BF8-86FB-FDF678B9BD95}.Debug|x64.Build.0 = Debug|x64
		{A3FA77EA-0CAA-4BF8-86FB-FDF678B9BD95}.Debug|x86.ActiveCfg = Debug|Win32
		{A3FA77EA-0CAA-4BF8-86FB-FDF678B9BD95}.Debug|x86.Build.0 = Debug|Win32
		{A3FA77EA-0CAA-4BF8-86FB-FDF678B9BD95}.Release|x64.ActiveCfg = Release|x64
		{A3FA77EA-0CAA-4BF8-86FB-FDF678B9BD95}.Release|x64.Build.0 = Release|x64
		{A3FA77EA-0CAA-4BF8-86FB-FDF678B9BD95}.Release|x86.ActiveCfg = Release|Win32
		{A3FA77EA-0CAA-4BF8-86FB-FDF678B9BD95}.Release|x86.Build.0 = Release|Win32
		{C6CC5D3D-AA63-43F6-A203-2AFF6795063A}.Debug|x64.ActiveCfg = Debug|x64
		{C6CC5D3D-AA63-43F6-A203-2AFF6795063A}.Debug|x64.Build.0 = Debug|x64
		{C6CC5D3D-AA63-43F6-A203-2AFF6795063A}.Debug|x86.ActiveCfg = Debug|Win32
		{C6CC5D3D-AA63-43F6-A203-2AFF6795063A}.Debug|x86.Build.0 = Debug|Win32
		{C6CC5D3D-AA63-43F6-A203-2AFF6795063A}.Release|x64.ActiveCfg = Release|x64
		{C6CC5D3D-AA63-43F6-A203-2AFF6795063A}.Release|x64.Build.0 = Release|x64
		{C6CC5D3D-AA63-43F6-A203-2AFF6795063A}.Release|x86.ActiveCfg = Release|Win32
		{C6CC5D3D-AA63-43F6-A203-2AFF6795063A}.Release|x86.Build.0 = Release|Win32
		{68AA7627-D36F-4495-BA90-577844D52FC6}.Debug|x64.ActiveCfg = Debug|x64
		{68AA7627-D36F-4495-BA90-577844D52FC6}.Debug|x64.Build.0 = Debug|x64
		{68AA7627-D36F-4495-BA90-577844D52FC6}.Debug|x86.ActiveCfg = Debug|Win32
		{68AA7627-D36F-4495-BA90-577844D52FC6}.Debug|x86.Build.0 = Debug|Win32
		{68AA7627-D36F-4495-BA90-577844D52FC6}.Release|x64.ActiveCfg = Release|x64
		{68AA7627-D36F-4495-BA90-577844D52FC6}.Release|x64.Build.0 = Release|x64
		{68AA7627-D36F-4495-BA90-577844D52FC6}.Release|x86.ActiveCfg = Release|Win32
		{68AA7627-D36F-4495-BA90-577844D52FC6}.Release|x86.Build.0 = Release|Win32
		{9B5F6B86-2D49-4C5D-A688-E99D97A78CAB}.Debug|x64.ActiveCfg = Debug|x64
		{9B5F6B86-2D49-4C5D-A688-E99D97A78CAB}.Debug|x64.Build.0 = Debug|x64
		{9B5F6B86-2D49-4C5D-A688-E99D97A78CAB}.Debug|x86.ActiveCfg = Debug|Win32
		{9B5F6B86-2D49-4C5D-A688-E99D97A78CAB}.Debug|x86.Build.0 = Debug|Win32
		{9B5F6B86-2D49-4C5D-A688-E99D97A78CAB}.Release|x64.ActiveCfg = Release|x64
		{9B5F6B86-2D49-4C5D-A688-E99D97A78CAB}.Release|x64.Build.0 = Release|x64
		{9B5F6B86-2D49-4C5D-A688-E99D97A78CAB}.Release|x86.ActiveCfg = Release|Win32
		{9B5F6B86-2D49-4C5D-A688-E99D97A78CAB}.Release|x86.Build.0 = Release|Win32
	EndGlobalSection
	GlobalSection(SolutionProperties) = preSolution
		HideSolutionNode = FALSE
	EndGlobalSection
	GlobalSection(ExtensibilityGlobals) = postSolution
		SolutionGuid = {D11F5784-1D52-4130-BEFB-D8B6D4E7316A}
	EndGlobalSection
EndGlobal
